PODS:
  - KMPlaceholderTextView (1.3.0)
  - MZAppearance (1.1.6)
  - MZFormSheetPresentationController (2.4.2):
    - MZAppearance
  - Realm (2.8.1):
    - Realm/Headers (= 2.8.1)
  - Realm/Headers (2.8.1)
  - RealmSwift (2.8.1):
    - Realm (= 2.8.1)
  - SideMenuController (0.2.4)
  - SVProgressHUD (2.1.2)

DEPENDENCIES:
  - KMPlaceholderTextView (~> 1.3.0)
  - MZFormSheetPresentationController
  - Realm
  - RealmSwift
  - SideMenuController
  - SVProgressHUD

SPEC CHECKSUMS:
  KMPlaceholderTextView: 2bbcd19a273648a80a61e1e48f9743a24d8930e3
  MZAppearance: 0c06d3fa9cc55142f1da14bc8631fbe8fd6e19d5
  MZFormSheetPresentationController: c1dc3bce639d2393b3cc416fcb6e050eb5bca062
  Realm: 2627602ad6818451f0cb8c2a6e072f7f10a5f360
  RealmSwift: 4764ca7657f2193c256fb032c0b123926f70dbcd
  SideMenuController: b463d2b3aa58e2afe57f57a07938fa9a647894ca
  SVProgressHUD: c404a55d78acbeb7ebb78b76d3faf986475a6994

PODFILE CHECKSUM: 2342f6c9d6ddd6e176a50ed3a4fb49d59df5c415

COCOAPODS: 1.2.1
