PODS:
  - Amplitude-iOS (3.14.1)
  - Answers (1.3.5):
    - Fabric (~> 1.6.3)
  - Fabric (1.6.12)
  - KMPlaceholderTextView (1.3.0)
  - MultiSelectSegmentedControl (1.1.2)
  - MZAppearance (1.1.6)
  - MZFormSheetController (3.1.3):
    - MZAppearance
    - MZFormSheetController/Core (= 3.1.3)
  - MZFormSheetController/Core (3.1.3):
    - MZAppearance
  - MZFormSheetPresentationController (2.4.2):
    - MZAppearance
  - PDFGenerator (2.0.1)
  - Realm (2.9.1):
    - Realm/Headers (= 2.9.1)
  - Realm/Headers (2.9.1)
  - RealmSwift (2.9.1):
    - Realm (= 2.9.1)
  - SideMenuController (0.2.4)
  - SVProgressHUD (2.1.2)
  - TPKeyboardAvoiding (1.3.1)
  - YouTubePlayer (0.4.0)
  - ZillianceShared (0.1.0):
    - Realm
    - RealmSwift

DEPENDENCIES:
  - Amplitude-iOS (~> 3.14.1)
  - Answers
  - Fabric
  - KMPlaceholderTextView (~> 1.3.0)
  - MultiSelectSegmentedControl
  - MZFormSheetController
  - MZFormSheetPresentationController
  - PDFGenerator (~> 2.0.1)
  - Realm
  - RealmSwift
  - SideMenuController
  - SVProgressHUD
  - TPKeyboardAvoiding
  - YouTubePlayer
  - ZillianceShared (from `https://github.com/ScalablePath/ZillianceShared.git`)

EXTERNAL SOURCES:
  ZillianceShared:
    :git: https://github.com/ScalablePath/ZillianceShared.git

CHECKOUT OPTIONS:
  ZillianceShared:
    :commit: c4f9b6b2538953d9b2756f42ca177e7946ad5d1e
    :git: https://github.com/ScalablePath/ZillianceShared.git

SPEC CHECKSUMS:
  Amplitude-iOS: 4a3c8807b2ea5369dc11e87e23825bff01e5a922
  Answers: 567cbf43974855481b648db06692a3530de6b16e
  Fabric: f050464eac45a2ce5a8e6e6a07e977c0df32fe28
  KMPlaceholderTextView: 2bbcd19a273648a80a61e1e48f9743a24d8930e3
  MultiSelectSegmentedControl: 24844861c16dd6e3c36a80043494daa7855494f1
  MZAppearance: 0c06d3fa9cc55142f1da14bc8631fbe8fd6e19d5
  MZFormSheetController: da2df509805d757e04b052915057d8e1a338b050
  MZFormSheetPresentationController: c1dc3bce639d2393b3cc416fcb6e050eb5bca062
  PDFGenerator: 69cf0787767d501a10b6b85492b1f27fd23b00e8
  Realm: f91fb43bd474c4f731a116ebf7392c75dd015920
  RealmSwift: 207f12a4a36b696c5183c60a1c06d70234a23e56
  SideMenuController: b463d2b3aa58e2afe57f57a07938fa9a647894ca
  SVProgressHUD: c404a55d78acbeb7ebb78b76d3faf986475a6994
  TPKeyboardAvoiding: 0d6af20e95e2850f4c621841225b59ec7d8dd852
  YouTubePlayer: 028451f6772f372d4759866db99824c676ac1473
  ZillianceShared: 666c2a1063935e73134e9ff8906f1648a5581f9e

PODFILE CHECKSUM: 71ea06ed3f6bb4412ba7786792fd40c12f8d5ba4

COCOAPODS: 1.3.1
